
Microsoft Visual Studio Solution File, Format Version 12.00
# Visual Studio Version 17
VisualStudioVersion = 17.11.35327.3
MinimumVisualStudioVersion = 10.0.40219.1
Project("{FAE04EC0-301F-11D3-BF4B-00C04F79EFBC}") = "Tanki", "Tanki\Tanki.csproj", "{E5E95354-6C0F-4DEF-B5C9-6ECC52AA1C59}"
EndProject
Global
	GlobalSection(SolutionConfigurationPlatforms) = preSolution
		Debug|Any CPU = Debug|Any CPU
		Release|Any CPU = Release|Any CPU
	EndGlobalSection
	GlobalSection(ProjectConfigurationPlatforms) = postSolution
		{E5E95354-6C0F-4DEF-B5C9-6ECC52AA1C59}.Debug|Any CPU.ActiveCfg = Debug|Any CPU
		{E5E95354-6C0F-4DEF-B5C9-6ECC52AA1C59}.Debug|Any CPU.Build.0 = Debug|Any CPU
		{E5E95354-6C0F-4DEF-B5C9-6ECC52AA1C59}.Release|Any CPU.ActiveCfg = Release|Any CPU
		{E5E95354-6C0F-4DEF-B5C9-6ECC52AA1C59}.Release|Any CPU.Build.0 = Release|Any CPU
	EndGlobalSection
	GlobalSection(SolutionProperties) = preSolution
		HideSolutionNode = FALSE
	EndGlobalSection
	GlobalSection(ExtensibilityGlobals) = postSolution
		SolutionGuid = {4B1C641D-3495-4021-AC9D-4FD2565502B4}
	EndGlobalSection
EndGlobal
